{
  "name": "fyyur",
  "version": "1.0.0",
  "lockfileVersion": 2,
  "requires": true,
  "packages": {
    "": {
      "name": "fyyur",
      "version": "1.0.0",
      "license": "ISC",
      "dependencies": {
        "babel": "npm:Babel@^0.0.1",
        "Babel": "^0.0.1",
        "bootstrap": "^3.4.1",
        "python3": "^0.0.1"
      }
    },
    "node_modules/Babel": {
      "version": "0.0.1",
      "resolved": "https://registry.npmjs.org/Babel/-/Babel-0.0.1.tgz",
      "integrity": "sha512-RWEzb4K28gBlQPMjARJYPTBsrVhQNIM2AqpeouW0yZCCO/7Sei88qouGyuuJEoo7ql6mfCkwEACqPhfuY6sYTw==",
      "dependencies": {
        "step": "0.0.x",
        "underscore": "1.x.x"
      },
      "engines": {
        "node": "*"
      }
    },
    "node_modules/bootstrap": {
      "version": "3.4.1",
      "resolved": "https://registry.npmjs.org/bootstrap/-/bootstrap-3.4.1.tgz",
      "integrity": "sha512-yN5oZVmRCwe5aKwzRj6736nSmKDX7pLYwsXiCj/EYmo16hODaBiT4En5btW/jhBF/seV+XMx3aYwukYC3A49DA==",
      "engines": {
        "node": ">=6"
      }
    },
    "node_modules/python3": {
      "version": "0.0.1",
      "resolved": "https://registry.npmjs.org/python3/-/python3-0.0.1.tgz",
      "integrity": "sha512-VB3Pe0uV1mjWND5Kv1FJQOSuAe979Oo0gRs/C8JGF8wx+ulkWqHC/sWlQz+ezcGpwsJP0tTIh+No/iRaqQlcNg=="
    },
    "node_modules/step": {
      "version": "0.0.6",
      "resolved": "https://registry.npmjs.org/step/-/step-0.0.6.tgz",
      "integrity": "sha512-qSSeQinUJk2w38vUFobjFoE307GqsozMC8VisOCkJLpklvKPT0ptPHwWOrENoag8rgLudvTkfP3bancwP93/Jw=="
    },
    "node_modules/underscore": {
      "version": "1.13.4",
      "resolved": "https://registry.npmjs.org/underscore/-/underscore-1.13.4.tgz",
      "integrity": "sha512-BQFnUDuAQ4Yf/cYY5LNrK9NCJFKriaRbD9uR1fTeXnBeoa97W0i41qkZfGO9pSo8I5KzjAcSY2XYtdf0oKd7KQ=="
    }
  },
  "dependencies": {
    "Babel": {
      "version": "0.0.1",
      "resolved": "https://registry.npmjs.org/Babel/-/Babel-0.0.1.tgz",
      "integrity": "sha512-RWEzb4K28gBlQPMjARJYPTBsrVhQNIM2AqpeouW0yZCCO/7Sei88qouGyuuJEoo7ql6mfCkwEACqPhfuY6sYTw==",
      "requires": {
        "step": "0.0.x",
        "underscore": "1.x.x"
      }
    },
    "bootstrap": {
      "version": "3.4.1",
      "resolved": "https://registry.npmjs.org/bootstrap/-/bootstrap-3.4.1.tgz",
      "integrity": "sha512-yN5oZVmRCwe5aKwzRj6736nSmKDX7pLYwsXiCj/EYmo16hODaBiT4En5btW/jhBF/seV+XMx3aYwukYC3A49DA=="
    },
    "python3": {
      "version": "0.0.1",
      "resolved": "https://registry.npmjs.org/python3/-/python3-0.0.1.tgz",
      "integrity": "sha512-VB3Pe0uV1mjWND5Kv1FJQOSuAe979Oo0gRs/C8JGF8wx+ulkWqHC/sWlQz+ezcGpwsJP0tTIh+No/iRaqQlcNg=="
    },
    "step": {
      "version": "0.0.6",
      "resolved": "https://registry.npmjs.org/step/-/step-0.0.6.tgz",
      "integrity": "sha512-qSSeQinUJk2w38vUFobjFoE307GqsozMC8VisOCkJLpklvKPT0ptPHwWOrENoag8rgLudvTkfP3bancwP93/Jw=="
    },
    "underscore": {
      "version": "1.13.4",
      "resolved": "https://registry.npmjs.org/underscore/-/underscore-1.13.4.tgz",
      "integrity": "sha512-BQFnUDuAQ4Yf/cYY5LNrK9NCJFKriaRbD9uR1fTeXnBeoa97W0i41qkZfGO9pSo8I5KzjAcSY2XYtdf0oKd7KQ=="
    }
  }
}
